
Microsoft Visual Studio Solution File, Format Version 12.00
# Visual Studio Version 16
VisualStudioVersion = 16.0.32602.291
MinimumVisualStudioVersion = 10.0.40219.1
Project("{FAE04EC0-301F-11D3-BF4B-00C04F79EFBC}") = "Task-18.4.2", "Task-18.4.2.csproj", "{8781D93E-7766-4162-A05C-1AADEB121713}"
EndProject
Global
	GlobalSection(SolutionConfigurationPlatforms) = preSolution
		Debug|Any CPU = Debug|Any CPU
		Release|Any CPU = Release|Any CPU
	EndGlobalSection
	GlobalSection(ProjectConfigurationPlatforms) = postSolution
		{8781D93E-7766-4162-A05C-1AADEB121713}.Debug|Any CPU.ActiveCfg = Debug|Any CPU
		{8781D93E-7766-4162-A05C-1AADEB121713}.Debug|Any CPU.Build.0 = Debug|Any CPU
		{8781D93E-7766-4162-A05C-1AADEB121713}.Release|Any CPU.ActiveCfg = Release|Any CPU
		{8781D93E-7766-4162-A05C-1AADEB121713}.Release|Any CPU.Build.0 = Release|Any CPU
	EndGlobalSection
	GlobalSection(SolutionProperties) = preSolution
		HideSolutionNode = FALSE
	EndGlobalSection
	GlobalSection(ExtensibilityGlobals) = postSolution
		SolutionGuid = {0C846EE9-5399-4123-8931-5B0339192A8F}
	EndGlobalSection
EndGlobal
